
Microsoft Visual Studio Solution File, Format Version 12.00
# Visual Studio Version 17
VisualStudioVersion = 17.8.34408.163
MinimumVisualStudioVersion = 10.0.40219.1
Project("{FAE04EC0-301F-11D3-BF4B-00C04F79EFBC}") = "lab07", "lab07\lab07.csproj", "{E3A7A859-A8BD-4228-AE8D-14A19B564F07}"
EndProject
Global
	GlobalSection(SolutionConfigurationPlatforms) = preSolution
		Debug|Any CPU = Debug|Any CPU
		Release|Any CPU = Release|Any CPU
	EndGlobalSection
	GlobalSection(ProjectConfigurationPlatforms) = postSolution
		{E3A7A859-A8BD-4228-AE8D-14A19B564F07}.Debug|Any CPU.ActiveCfg = Debug|Any CPU
		{E3A7A859-A8BD-4228-AE8D-14A19B564F07}.Debug|Any CPU.Build.0 = Debug|Any CPU
		{E3A7A859-A8BD-4228-AE8D-14A19B564F07}.Release|Any CPU.ActiveCfg = Release|Any CPU
		{E3A7A859-A8BD-4228-AE8D-14A19B564F07}.Release|Any CPU.Build.0 = Release|Any CPU
	EndGlobalSection
	GlobalSection(SolutionProperties) = preSolution
		HideSolutionNode = FALSE
	EndGlobalSection
	GlobalSection(ExtensibilityGlobals) = postSolution
		SolutionGuid = {BD52EE65-D8B8-4A6C-A105-4EB9F509001F}
	EndGlobalSection
EndGlobal
